<?xml version="1.0" encoding="UTF-8" standalone="yes" ?>
<CodeBlocks_project_file>
	<FileVersion major="1" minor="6" />
	<Project>
		<Option title="rbh" />
		<Option pch_mode="2" />
		<Option compiler="clang" />
		<Build>
			<Target title="Debug">
				<Option output="bin/Debug/rbh" prefix_auto="1" extension_auto="1" />
				<Option object_output="obj/Debug/" />
				<Option type="1" />
				<Option compiler="clang" />
				<Compiler>
					<Add option="-g" />
					<Add directory="include" />
					<Add directory="/home/njb/bin/sdl-dev/include/" />
					<Add directory="/home/njb/src/rbh/include" />
					<Add directory="/usr/include/c++/4.8/" />
				</Compiler>
				<Linker>
					<Add library="/home/njb/bin/sdl-dev/lib64/libSDL.a" />
					<Add library="pthread" />
					<Add library="dl" />
				</Linker>
			</Target>
			<Target title="Release">
				<Option output="bin/Release/rbh" prefix_auto="1" extension_auto="1" />
				<Option object_output="obj/Release/" />
				<Option type="0" />
				<Option compiler="clang" />
				<Compiler>
					<Add option="-O2" />
					<Add directory="include" />
					<Add directory="/home/njb/bin/sdl-dev/include/" />
					<Add directory="/home/njb/src/rbh/include" />
					<Add directory="/usr/include/c++/4.8/" />
				</Compiler>
				<Linker>
					<Add option="-s" />
					<Add library="/home/njb/bin/sdl-dev/lib64/libSDL.a" />
					<Add library="pthread" />
					<Add library="dl" />
				</Linker>
			</Target>
			<Target title="Release Win">
				<Option output="bin/Release/rbh" prefix_auto="1" extension_auto="1" />
				<Option object_output="obj/Release/" />
				<Option type="0" />
				<Option compiler="clang" />
				<Compiler>
					<Add option="-O2" />
					<Add directory="include" />
				</Compiler>
				<Linker>
					<Add option="-s" />
				</Linker>
			</Target>
			<Target title="Debug Win">
				<Option output="bin/Debug/rbh" prefix_auto="1" extension_auto="1" />
				<Option object_output="obj/Debug/" />
				<Option type="1" />
				<Option compiler="clang" />
				<Compiler>
					<Add option="-g" />
					<Add directory="include" />
				</Compiler>
			</Target>
		</Build>
		<Compiler>
			<Add option="-Werror" />
			<Add option="-Wall" />
			<Add option="-std=c++14" />
			<Add option="-m64" />
			<Add option="-Weffc++" />
			<Add option="`sdl2-config --cflags`" />
		</Compiler>
		<Linker>
			<Add option="-m64" />
			<Add option="`sdl2-config --libs`" />
			<Add library="GL" />
		</Linker>
		<Unit filename="cb.bmp" />
		<Unit filename="include/ActiveThing.h" />
		<Unit filename="include/Gameboard.h" />
		<Unit filename="include/Point.h" />
		<Unit filename="include/Robot.h" />
		<Unit filename="include/RobotVM.h" />
		<Unit filename="include/SpartCell.h" />
		<Unit filename="include/Thing.h" />
		<Unit filename="include/Typedefs.h">
			<Option target="&lt;{~None~}&gt;" />
		</Unit>
		<Unit filename="include/VMAssembler.h" />
		<Unit filename="include/VMDrivenThing.h" />
		<Unit filename="include/VMEmitException.h" />
		<Unit filename="include/VMInstr.h" />
		<Unit filename="include/VMOpcodeTypes.h">
			<Option target="&lt;{~None~}&gt;" />
		</Unit>
		<Unit filename="include/VMXCoderException.h" />
		<Unit filename="include/imconfig.h" />
		<Unit filename="include/imgui.h" />
		<Unit filename="include/imgui_impl_sdl.h" />
		<Unit filename="include/imgui_internal.h" />
		<Unit filename="include/stb_rect_pack.h" />
		<Unit filename="include/stb_textedit.h" />
		<Unit filename="include/stb_truetype.h" />
		<Unit filename="src/ActiveThing.cpp" />
		<Unit filename="src/Gameboard.cpp" />
		<Unit filename="src/Point.cpp" />
		<Unit filename="src/Robot.cpp" />
		<Unit filename="src/RobotVM.cpp" />
		<Unit filename="src/SpartCell.cpp" />
		<Unit filename="src/Thing.cpp" />
		<Unit filename="src/VMAssembler.cpp" />
		<Unit filename="src/VMDrivenThing.cpp" />
		<Unit filename="src/VMInstr.cpp" />
		<Unit filename="src/VMInstrException.cpp" />
		<Unit filename="src/VMXCoderException.cpp" />
		<Unit filename="src/imgui.cpp" />
		<Unit filename="src/imgui_demo.cpp" />
		<Unit filename="src/imgui_draw.cpp" />
		<Unit filename="src/imgui_impl_sdl.cpp" />
		<Unit filename="src/main.cpp" />
		<Extensions>
			<code_completion />
			<debugger />
			<envvars />
			<DoxyBlocks>
				<comment_style block="0" line="0" />
				<doxyfile_project output_directory="docs" />
				<doxyfile_build extract_all="1" extract_private="1" extract_static="1" />
				<doxyfile_warnings />
				<doxyfile_output latex="1" />
				<doxyfile_dot class_diagrams="1" have_dot="1" />
				<general />
			</DoxyBlocks>
		</Extensions>
	</Project>
</CodeBlocks_project_file>
